
Microsoft Visual Studio Solution File, Format Version 12.00
# Visual Studio 15
VisualStudioVersion = 15.0.28307.705
MinimumVisualStudioVersion = 10.0.40219.1
Project("{FAE04EC0-301F-11D3-BF4B-00C04F79EFBC}") = "Demo_Capsulation", "Demo_Capsulation\Demo_Capsulation.csproj", "{A7B88BD6-5DBC-446D-AE8D-DFCF4C4ABD7F}"
EndProject
Project("{FAE04EC0-301F-11D3-BF4B-00C04F79EFBC}") = "Creature_Sashtestvo", "Creature_Sashtestvo\Creature_Sashtestvo.csproj", "{5762CD1D-4083-46C0-9A8E-F961E4B0EB7A}"
EndProject
Project("{FAE04EC0-301F-11D3-BF4B-00C04F79EFBC}") = "Person_this_Capsulation", "Person_this_Capsulation\Person_this_Capsulation.csproj", "{003B670F-EC52-4188-AF63-518441BC50F5}"
EndProject
Project("{FAE04EC0-301F-11D3-BF4B-00C04F79EFBC}") = "Box_Paralelepiped", "Box_Paralelepiped\Box_Paralelepiped.csproj", "{2E0A6337-A0BA-4AF5-B1B3-ABF059A56C57}"
EndProject
Global
	GlobalSection(SolutionConfigurationPlatforms) = preSolution
		Debug|Any CPU = Debug|Any CPU
		Release|Any CPU = Release|Any CPU
	EndGlobalSection
	GlobalSection(ProjectConfigurationPlatforms) = postSolution
		{A7B88BD6-5DBC-446D-AE8D-DFCF4C4ABD7F}.Debug|Any CPU.ActiveCfg = Debug|Any CPU
		{A7B88BD6-5DBC-446D-AE8D-DFCF4C4ABD7F}.Debug|Any CPU.Build.0 = Debug|Any CPU
		{A7B88BD6-5DBC-446D-AE8D-DFCF4C4ABD7F}.Release|Any CPU.ActiveCfg = Release|Any CPU
		{A7B88BD6-5DBC-446D-AE8D-DFCF4C4ABD7F}.Release|Any CPU.Build.0 = Release|Any CPU
		{5762CD1D-4083-46C0-9A8E-F961E4B0EB7A}.Debug|Any CPU.ActiveCfg = Debug|Any CPU
		{5762CD1D-4083-46C0-9A8E-F961E4B0EB7A}.Debug|Any CPU.Build.0 = Debug|Any CPU
		{5762CD1D-4083-46C0-9A8E-F961E4B0EB7A}.Release|Any CPU.ActiveCfg = Release|Any CPU
		{5762CD1D-4083-46C0-9A8E-F961E4B0EB7A}.Release|Any CPU.Build.0 = Release|Any CPU
		{003B670F-EC52-4188-AF63-518441BC50F5}.Debug|Any CPU.ActiveCfg = Debug|Any CPU
		{003B670F-EC52-4188-AF63-518441BC50F5}.Debug|Any CPU.Build.0 = Debug|Any CPU
		{003B670F-EC52-4188-AF63-518441BC50F5}.Release|Any CPU.ActiveCfg = Release|Any CPU
		{003B670F-EC52-4188-AF63-518441BC50F5}.Release|Any CPU.Build.0 = Release|Any CPU
		{2E0A6337-A0BA-4AF5-B1B3-ABF059A56C57}.Debug|Any CPU.ActiveCfg = Debug|Any CPU
		{2E0A6337-A0BA-4AF5-B1B3-ABF059A56C57}.Debug|Any CPU.Build.0 = Debug|Any CPU
		{2E0A6337-A0BA-4AF5-B1B3-ABF059A56C57}.Release|Any CPU.ActiveCfg = Release|Any CPU
		{2E0A6337-A0BA-4AF5-B1B3-ABF059A56C57}.Release|Any CPU.Build.0 = Release|Any CPU
	EndGlobalSection
	GlobalSection(SolutionProperties) = preSolution
		HideSolutionNode = FALSE
	EndGlobalSection
	GlobalSection(ExtensibilityGlobals) = postSolution
		SolutionGuid = {2A1383C2-B404-4C37-B432-C3BA8C5A3DBF}
	EndGlobalSection
EndGlobal
