
Microsoft Visual Studio Solution File, Format Version 12.00
# Visual Studio 15
VisualStudioVersion = 15.0.28307.705
MinimumVisualStudioVersion = 10.0.40219.1
Project("{FAE04EC0-301F-11D3-BF4B-00C04F79EFBC}") = "Employee_w3_Zad3", "Employee_w3_Zad3\Employee_w3_Zad3.csproj", "{23F59CCB-0419-4564-AF8A-4C36A612DBEC}"
EndProject
Project("{FAE04EC0-301F-11D3-BF4B-00C04F79EFBC}") = "ConsoleApp1", "ConsoleApp1\ConsoleApp1.csproj", "{FA6C3A2A-E2DD-4094-A79F-850CDB4D18F8}"
EndProject
Global
	GlobalSection(SolutionConfigurationPlatforms) = preSolution
		Debug|Any CPU = Debug|Any CPU
		Release|Any CPU = Release|Any CPU
	EndGlobalSection
	GlobalSection(ProjectConfigurationPlatforms) = postSolution
		{23F59CCB-0419-4564-AF8A-4C36A612DBEC}.Debug|Any CPU.ActiveCfg = Debug|Any CPU
		{23F59CCB-0419-4564-AF8A-4C36A612DBEC}.Debug|Any CPU.Build.0 = Debug|Any CPU
		{23F59CCB-0419-4564-AF8A-4C36A612DBEC}.Release|Any CPU.ActiveCfg = Release|Any CPU
		{23F59CCB-0419-4564-AF8A-4C36A612DBEC}.Release|Any CPU.Build.0 = Release|Any CPU
		{FA6C3A2A-E2DD-4094-A79F-850CDB4D18F8}.Debug|Any CPU.ActiveCfg = Debug|Any CPU
		{FA6C3A2A-E2DD-4094-A79F-850CDB4D18F8}.Debug|Any CPU.Build.0 = Debug|Any CPU
		{FA6C3A2A-E2DD-4094-A79F-850CDB4D18F8}.Release|Any CPU.ActiveCfg = Release|Any CPU
		{FA6C3A2A-E2DD-4094-A79F-850CDB4D18F8}.Release|Any CPU.Build.0 = Release|Any CPU
	EndGlobalSection
	GlobalSection(SolutionProperties) = preSolution
		HideSolutionNode = FALSE
	EndGlobalSection
	GlobalSection(ExtensibilityGlobals) = postSolution
		SolutionGuid = {019D7C94-8067-4F40-B42C-A67D5C820558}
	EndGlobalSection
EndGlobal
