
Microsoft Visual Studio Solution File, Format Version 12.00
# Visual Studio 15
VisualStudioVersion = 15.0.28307.705
MinimumVisualStudioVersion = 10.0.40219.1
Project("{FAE04EC0-301F-11D3-BF4B-00C04F79EFBC}") = "Konstruktors_Lekcii", "Konstruktors_Lekcii\Konstruktors_Lekcii.csproj", "{14A5BDFA-6043-4F6E-B968-F44346B9AD58}"
EndProject
Global
	GlobalSection(SolutionConfigurationPlatforms) = preSolution
		Debug|Any CPU = Debug|Any CPU
		Release|Any CPU = Release|Any CPU
	EndGlobalSection
	GlobalSection(ProjectConfigurationPlatforms) = postSolution
		{14A5BDFA-6043-4F6E-B968-F44346B9AD58}.Debug|Any CPU.ActiveCfg = Debug|Any CPU
		{14A5BDFA-6043-4F6E-B968-F44346B9AD58}.Debug|Any CPU.Build.0 = Debug|Any CPU
		{14A5BDFA-6043-4F6E-B968-F44346B9AD58}.Release|Any CPU.ActiveCfg = Release|Any CPU
		{14A5BDFA-6043-4F6E-B968-F44346B9AD58}.Release|Any CPU.Build.0 = Release|Any CPU
	EndGlobalSection
	GlobalSection(SolutionProperties) = preSolution
		HideSolutionNode = FALSE
	EndGlobalSection
	GlobalSection(ExtensibilityGlobals) = postSolution
		SolutionGuid = {B73C6279-751A-448B-A18E-13DBE8BF1AD2}
	EndGlobalSection
EndGlobal
