
Microsoft Visual Studio Solution File, Format Version 12.00
# Visual Studio 15
VisualStudioVersion = 15.0.28307.705
MinimumVisualStudioVersion = 10.0.40219.1
Project("{FAE04EC0-301F-11D3-BF4B-00C04F79EFBC}") = "Employeee", "Employeee\Employeee.csproj", "{4B79D8CB-EF9B-4021-91A8-CE8F658AAE8D}"
EndProject
Global
	GlobalSection(SolutionConfigurationPlatforms) = preSolution
		Debug|Any CPU = Debug|Any CPU
		Release|Any CPU = Release|Any CPU
	EndGlobalSection
	GlobalSection(ProjectConfigurationPlatforms) = postSolution
		{4B79D8CB-EF9B-4021-91A8-CE8F658AAE8D}.Debug|Any CPU.ActiveCfg = Debug|Any CPU
		{4B79D8CB-EF9B-4021-91A8-CE8F658AAE8D}.Debug|Any CPU.Build.0 = Debug|Any CPU
		{4B79D8CB-EF9B-4021-91A8-CE8F658AAE8D}.Release|Any CPU.ActiveCfg = Release|Any CPU
		{4B79D8CB-EF9B-4021-91A8-CE8F658AAE8D}.Release|Any CPU.Build.0 = Release|Any CPU
	EndGlobalSection
	GlobalSection(SolutionProperties) = preSolution
		HideSolutionNode = FALSE
	EndGlobalSection
	GlobalSection(ExtensibilityGlobals) = postSolution
		SolutionGuid = {4CFFB066-02C8-4AE8-ACD2-7A1DD8B4BBDC}
	EndGlobalSection
EndGlobal
