
Microsoft Visual Studio Solution File, Format Version 12.00
# Visual Studio 15
VisualStudioVersion = 15.0.28307.705
MinimumVisualStudioVersion = 10.0.40219.1
Project("{FAE04EC0-301F-11D3-BF4B-00C04F79EFBC}") = "04_Word_TheOldestMember", "04_Word_TheOldestMember\04_Word_TheOldestMember.csproj", "{AD98B2A1-138A-4839-9A7E-159C5774518F}"
EndProject
Global
	GlobalSection(SolutionConfigurationPlatforms) = preSolution
		Debug|Any CPU = Debug|Any CPU
		Release|Any CPU = Release|Any CPU
	EndGlobalSection
	GlobalSection(ProjectConfigurationPlatforms) = postSolution
		{AD98B2A1-138A-4839-9A7E-159C5774518F}.Debug|Any CPU.ActiveCfg = Debug|Any CPU
		{AD98B2A1-138A-4839-9A7E-159C5774518F}.Debug|Any CPU.Build.0 = Debug|Any CPU
		{AD98B2A1-138A-4839-9A7E-159C5774518F}.Release|Any CPU.ActiveCfg = Release|Any CPU
		{AD98B2A1-138A-4839-9A7E-159C5774518F}.Release|Any CPU.Build.0 = Release|Any CPU
	EndGlobalSection
	GlobalSection(SolutionProperties) = preSolution
		HideSolutionNode = FALSE
	EndGlobalSection
	GlobalSection(ExtensibilityGlobals) = postSolution
		SolutionGuid = {43479149-5788-4924-827F-29AE18E16D09}
	EndGlobalSection
EndGlobal
