
Microsoft Visual Studio Solution File, Format Version 12.00
# Visual Studio 15
VisualStudioVersion = 15.0.28307.705
MinimumVisualStudioVersion = 10.0.40219.1
Project("{FAE04EC0-301F-11D3-BF4B-00C04F79EFBC}") = "Klasove", "Klasove\Klasove.csproj", "{8F11C0EA-C6FA-4890-AEE2-E0426C26912E}"
EndProject
Project("{FAE04EC0-301F-11D3-BF4B-00C04F79EFBC}") = "BankovaSmetka", "BankovaSmetka\BankovaSmetka.csproj", "{D7909D33-8691-45FF-8A57-84A5EDEF5878}"
EndProject
Project("{FAE04EC0-301F-11D3-BF4B-00C04F79EFBC}") = "BankovaSmetka1", "BankovaSmetka1\BankovaSmetka1.csproj", "{83150B6A-D117-497A-8973-5B97791384BA}"
EndProject
Project("{FAE04EC0-301F-11D3-BF4B-00C04F79EFBC}") = "Problem2_Family", "Problem2_Family\Problem2_Family.csproj", "{A7DA6C07-79FB-494A-AC73-B89FBA23A95F}"
EndProject
Global
	GlobalSection(SolutionConfigurationPlatforms) = preSolution
		Debug|Any CPU = Debug|Any CPU
		Release|Any CPU = Release|Any CPU
	EndGlobalSection
	GlobalSection(ProjectConfigurationPlatforms) = postSolution
		{8F11C0EA-C6FA-4890-AEE2-E0426C26912E}.Debug|Any CPU.ActiveCfg = Debug|Any CPU
		{8F11C0EA-C6FA-4890-AEE2-E0426C26912E}.Debug|Any CPU.Build.0 = Debug|Any CPU
		{8F11C0EA-C6FA-4890-AEE2-E0426C26912E}.Release|Any CPU.ActiveCfg = Release|Any CPU
		{8F11C0EA-C6FA-4890-AEE2-E0426C26912E}.Release|Any CPU.Build.0 = Release|Any CPU
		{D7909D33-8691-45FF-8A57-84A5EDEF5878}.Debug|Any CPU.ActiveCfg = Debug|Any CPU
		{D7909D33-8691-45FF-8A57-84A5EDEF5878}.Debug|Any CPU.Build.0 = Debug|Any CPU
		{D7909D33-8691-45FF-8A57-84A5EDEF5878}.Release|Any CPU.ActiveCfg = Release|Any CPU
		{D7909D33-8691-45FF-8A57-84A5EDEF5878}.Release|Any CPU.Build.0 = Release|Any CPU
		{83150B6A-D117-497A-8973-5B97791384BA}.Debug|Any CPU.ActiveCfg = Debug|Any CPU
		{83150B6A-D117-497A-8973-5B97791384BA}.Debug|Any CPU.Build.0 = Debug|Any CPU
		{83150B6A-D117-497A-8973-5B97791384BA}.Release|Any CPU.ActiveCfg = Release|Any CPU
		{83150B6A-D117-497A-8973-5B97791384BA}.Release|Any CPU.Build.0 = Release|Any CPU
		{A7DA6C07-79FB-494A-AC73-B89FBA23A95F}.Debug|Any CPU.ActiveCfg = Debug|Any CPU
		{A7DA6C07-79FB-494A-AC73-B89FBA23A95F}.Debug|Any CPU.Build.0 = Debug|Any CPU
		{A7DA6C07-79FB-494A-AC73-B89FBA23A95F}.Release|Any CPU.ActiveCfg = Release|Any CPU
		{A7DA6C07-79FB-494A-AC73-B89FBA23A95F}.Release|Any CPU.Build.0 = Release|Any CPU
	EndGlobalSection
	GlobalSection(SolutionProperties) = preSolution
		HideSolutionNode = FALSE
	EndGlobalSection
	GlobalSection(ExtensibilityGlobals) = postSolution
		SolutionGuid = {EF630C8E-04BF-4367-871C-57D7067FEBD1}
	EndGlobalSection
EndGlobal
